
Microsoft Visual Studio Solution File, Format Version 12.00
# Visual Studio 15
VisualStudioVersion = 15.0.28307.852
MinimumVisualStudioVersion = 10.0.40219.1
Project("{FAE04EC0-301F-11D3-BF4B-00C04F79EFBC}") = "Schedul", "Schedul\Schedul.csproj", "{3D8DB8DB-3164-4E0B-82A5-E45E0A30421B}"
EndProject
Global
	GlobalSection(SolutionConfigurationPlatforms) = preSolution
		Debug|Any CPU = Debug|Any CPU
		Release|Any CPU = Release|Any CPU
	EndGlobalSection
	GlobalSection(ProjectConfigurationPlatforms) = postSolution
		{3D8DB8DB-3164-4E0B-82A5-E45E0A30421B}.Debug|Any CPU.ActiveCfg = Debug|Any CPU
		{3D8DB8DB-3164-4E0B-82A5-E45E0A30421B}.Debug|Any CPU.Build.0 = Debug|Any CPU
		{3D8DB8DB-3164-4E0B-82A5-E45E0A30421B}.Release|Any CPU.ActiveCfg = Release|Any CPU
		{3D8DB8DB-3164-4E0B-82A5-E45E0A30421B}.Release|Any CPU.Build.0 = Release|Any CPU
	EndGlobalSection
	GlobalSection(SolutionProperties) = preSolution
		HideSolutionNode = FALSE
	EndGlobalSection
	GlobalSection(ExtensibilityGlobals) = postSolution
		SolutionGuid = {43B97A05-E0AB-4175-9E46-BDF3962DB2A4}
	EndGlobalSection
EndGlobal
